// !$*UTF8*$!
{
	archiveVersion = 1;
	classes = {
	};
	objectVersion = 56;
	objects = {

/* Begin PBXBuildFile section */
		A002B0862B9183A000B73969 /* RAWG_MobileApp.swift in Sources */ = {isa = PBXBuildFile; fileRef = A002B0852B9183A000B73969 /* RAWG_MobileApp.swift */; };
		A002B0882B9183A000B73969 /* ContentView.swift in Sources */ = {isa = PBXBuildFile; fileRef = A002B0872B9183A000B73969 /* ContentView.swift */; };
		A002B08A2B9183A200B73969 /* Assets.xcassets in Resources */ = {isa = PBXBuildFile; fileRef = A002B0892B9183A200B73969 /* Assets.xcassets */; };
		A002B08D2B9183A200B73969 /* Preview Assets.xcassets in Resources */ = {isa = PBXBuildFile; fileRef = A002B08C2B9183A200B73969 /* Preview Assets.xcassets */; };
		A002B0972B9183A200B73969 /* RAWG_MobileTests.swift in Sources */ = {isa = PBXBuildFile; fileRef = A002B0962B9183A200B73969 /* RAWG_MobileTests.swift */; };
		A002B0A12B9183A200B73969 /* RAWG_MobileUITests.swift in Sources */ = {isa = PBXBuildFile; fileRef = A002B0A02B9183A200B73969 /* RAWG_MobileUITests.swift */; };
		A002B0A32B9183A200B73969 /* RAWG_MobileUITestsLaunchTests.swift in Sources */ = {isa = PBXBuildFile; fileRef = A002B0A22B9183A200B73969 /* RAWG_MobileUITestsLaunchTests.swift */; };
		A0160BBF2B9703F200C23E31 /* SplashView.swift in Sources */ = {isa = PBXBuildFile; fileRef = A0160BBE2B9703F200C23E31 /* SplashView.swift */; };
		A0B7AAA12BA3F06800CF862B /* GameMapper.swift in Sources */ = {isa = PBXBuildFile; fileRef = A0B7AAA02BA3F06800CF862B /* GameMapper.swift */; };
		A0B7AAA32BA9350300CF862B /* Repository.swift in Sources */ = {isa = PBXBuildFile; fileRef = A0B7AAA22BA9350300CF862B /* Repository.swift */; };
		A0B7AAA52BA9655600CF862B /* DashboardInteractor.swift in Sources */ = {isa = PBXBuildFile; fileRef = A0B7AAA42BA9655600CF862B /* DashboardInteractor.swift */; };
		A0B7AAA72BA9661A00CF862B /* DetailInteractor.swift in Sources */ = {isa = PBXBuildFile; fileRef = A0B7AAA62BA9661A00CF862B /* DetailInteractor.swift */; };
		A0B7AAA92BA967F000CF862B /* Injection.swift in Sources */ = {isa = PBXBuildFile; fileRef = A0B7AAA82BA967F000CF862B /* Injection.swift */; };
		A0F4CD9D2BA14769008FA7D5 /* DashboardView.swift in Sources */ = {isa = PBXBuildFile; fileRef = A0F4CD9C2BA14769008FA7D5 /* DashboardView.swift */; };
		A0F4CDAC2BA150CA008FA7D5 /* Model.swift in Sources */ = {isa = PBXBuildFile; fileRef = A0F4CDAB2BA150CA008FA7D5 /* Model.swift */; };
		A0F4CDB02BA17EB3008FA7D5 /* APICall.swift in Sources */ = {isa = PBXBuildFile; fileRef = A0F4CDAF2BA17EB3008FA7D5 /* APICall.swift */; };
		A0F4CDB22BA17F83008FA7D5 /* CustomError.swift in Sources */ = {isa = PBXBuildFile; fileRef = A0F4CDB12BA17F83008FA7D5 /* CustomError.swift */; };
		A0F4CDB52BA18175008FA7D5 /* Entity.swift in Sources */ = {isa = PBXBuildFile; fileRef = A0F4CDB42BA18175008FA7D5 /* Entity.swift */; };
		A0F4CDBD2BA182FD008FA7D5 /* Realm in Frameworks */ = {isa = PBXBuildFile; productRef = A0F4CDBC2BA182FD008FA7D5 /* Realm */; };
		A0F4CDBF2BA182FD008FA7D5 /* RealmSwift in Frameworks */ = {isa = PBXBuildFile; productRef = A0F4CDBE2BA182FD008FA7D5 /* RealmSwift */; };
		A0F4CDC12BA18909008FA7D5 /* Response.swift in Sources */ = {isa = PBXBuildFile; fileRef = A0F4CDC02BA18909008FA7D5 /* Response.swift */; };
		A0F4CDC32BA189B3008FA7D5 /* DetailResponse.swift in Sources */ = {isa = PBXBuildFile; fileRef = A0F4CDC22BA189B3008FA7D5 /* DetailResponse.swift */; };
		A0F4CDC52BA18AB1008FA7D5 /* RemoteDataSource.swift in Sources */ = {isa = PBXBuildFile; fileRef = A0F4CDC42BA18AB1008FA7D5 /* RemoteDataSource.swift */; };
		A0F4CDC92BA18B27008FA7D5 /* Alamofire in Frameworks */ = {isa = PBXBuildFile; productRef = A0F4CDC82BA18B27008FA7D5 /* Alamofire */; };
		A0F4CDCB2BA18B27008FA7D5 /* AlamofireDynamic in Frameworks */ = {isa = PBXBuildFile; productRef = A0F4CDCA2BA18B27008FA7D5 /* AlamofireDynamic */; };
		A0F4CDCD2BA2962D008FA7D5 /* LocaleDataSource.swift in Sources */ = {isa = PBXBuildFile; fileRef = A0F4CDCC2BA2962D008FA7D5 /* LocaleDataSource.swift */; };
		A0F5726F2BA144CB00BF80AA /* RAWG-Mobile-Info.plist in Resources */ = {isa = PBXBuildFile; fileRef = A0F5726E2BA144CB00BF80AA /* RAWG-Mobile-Info.plist */; };
/* End PBXBuildFile section */

/* Begin PBXContainerItemProxy section */
		A002B0932B9183A200B73969 /* PBXContainerItemProxy */ = {
			isa = PBXContainerItemProxy;
			containerPortal = A002B07A2B9183A000B73969 /* Project object */;
			proxyType = 1;
			remoteGlobalIDString = A002B0812B9183A000B73969;
			remoteInfo = "RAWG Mobile";
		};
		A002B09D2B9183A200B73969 /* PBXContainerItemProxy */ = {
			isa = PBXContainerItemProxy;
			containerPortal = A002B07A2B9183A000B73969 /* Project object */;
			proxyType = 1;
			remoteGlobalIDString = A002B0812B9183A000B73969;
			remoteInfo = "RAWG Mobile";
		};
/* End PBXContainerItemProxy section */

/* Begin PBXFileReference section */
		A002B0822B9183A000B73969 /* RAWG Mobile.app */ = {isa = PBXFileReference; explicitFileType = wrapper.application; includeInIndex = 0; path = "RAWG Mobile.app"; sourceTree = BUILT_PRODUCTS_DIR; };
		A002B0852B9183A000B73969 /* RAWG_MobileApp.swift */ = {isa = PBXFileReference; lastKnownFileType = sourcecode.swift; path = RAWG_MobileApp.swift; sourceTree = "<group>"; };
		A002B0872B9183A000B73969 /* ContentView.swift */ = {isa = PBXFileReference; lastKnownFileType = sourcecode.swift; path = ContentView.swift; sourceTree = "<group>"; };
		A002B0892B9183A200B73969 /* Assets.xcassets */ = {isa = PBXFileReference; lastKnownFileType = folder.assetcatalog; path = Assets.xcassets; sourceTree = "<group>"; };
		A002B08C2B9183A200B73969 /* Preview Assets.xcassets */ = {isa = PBXFileReference; lastKnownFileType = folder.assetcatalog; path = "Preview Assets.xcassets"; sourceTree = "<group>"; };
		A002B0922B9183A200B73969 /* RAWG MobileTests.xctest */ = {isa = PBXFileReference; explicitFileType = wrapper.cfbundle; includeInIndex = 0; path = "RAWG MobileTests.xctest"; sourceTree = BUILT_PRODUCTS_DIR; };
		A002B0962B9183A200B73969 /* RAWG_MobileTests.swift */ = {isa = PBXFileReference; lastKnownFileType = sourcecode.swift; path = RAWG_MobileTests.swift; sourceTree = "<group>"; };
		A002B09C2B9183A200B73969 /* RAWG MobileUITests.xctest */ = {isa = PBXFileReference; explicitFileType = wrapper.cfbundle; includeInIndex = 0; path = "RAWG MobileUITests.xctest"; sourceTree = BUILT_PRODUCTS_DIR; };
		A002B0A02B9183A200B73969 /* RAWG_MobileUITests.swift */ = {isa = PBXFileReference; lastKnownFileType = sourcecode.swift; path = RAWG_MobileUITests.swift; sourceTree = "<group>"; };
		A002B0A22B9183A200B73969 /* RAWG_MobileUITestsLaunchTests.swift */ = {isa = PBXFileReference; lastKnownFileType = sourcecode.swift; path = RAWG_MobileUITestsLaunchTests.swift; sourceTree = "<group>"; };
		A0160BBE2B9703F200C23E31 /* SplashView.swift */ = {isa = PBXFileReference; lastKnownFileType = sourcecode.swift; path = SplashView.swift; sourceTree = "<group>"; };
		A0B7AAA02BA3F06800CF862B /* GameMapper.swift */ = {isa = PBXFileReference; lastKnownFileType = sourcecode.swift; path = GameMapper.swift; sourceTree = "<group>"; };
		A0B7AAA22BA9350300CF862B /* Repository.swift */ = {isa = PBXFileReference; lastKnownFileType = sourcecode.swift; path = Repository.swift; sourceTree = "<group>"; };
		A0B7AAA42BA9655600CF862B /* DashboardInteractor.swift */ = {isa = PBXFileReference; lastKnownFileType = sourcecode.swift; path = DashboardInteractor.swift; sourceTree = "<group>"; };
		A0B7AAA62BA9661A00CF862B /* DetailInteractor.swift */ = {isa = PBXFileReference; lastKnownFileType = sourcecode.swift; path = DetailInteractor.swift; sourceTree = "<group>"; };
		A0B7AAA82BA967F000CF862B /* Injection.swift */ = {isa = PBXFileReference; lastKnownFileType = sourcecode.swift; path = Injection.swift; sourceTree = "<group>"; };
		A0F4CD9C2BA14769008FA7D5 /* DashboardView.swift */ = {isa = PBXFileReference; lastKnownFileType = sourcecode.swift; path = DashboardView.swift; sourceTree = "<group>"; };
		A0F4CDAB2BA150CA008FA7D5 /* Model.swift */ = {isa = PBXFileReference; lastKnownFileType = sourcecode.swift; path = Model.swift; sourceTree = "<group>"; };
		A0F4CDAF2BA17EB3008FA7D5 /* APICall.swift */ = {isa = PBXFileReference; lastKnownFileType = sourcecode.swift; path = APICall.swift; sourceTree = "<group>"; };
		A0F4CDB12BA17F83008FA7D5 /* CustomError.swift */ = {isa = PBXFileReference; lastKnownFileType = sourcecode.swift; path = CustomError.swift; sourceTree = "<group>"; };
		A0F4CDB42BA18175008FA7D5 /* Entity.swift */ = {isa = PBXFileReference; lastKnownFileType = sourcecode.swift; path = Entity.swift; sourceTree = "<group>"; };
		A0F4CDC02BA18909008FA7D5 /* Response.swift */ = {isa = PBXFileReference; lastKnownFileType = sourcecode.swift; path = Response.swift; sourceTree = "<group>"; };
		A0F4CDC22BA189B3008FA7D5 /* DetailResponse.swift */ = {isa = PBXFileReference; lastKnownFileType = sourcecode.swift; path = DetailResponse.swift; sourceTree = "<group>"; };
		A0F4CDC42BA18AB1008FA7D5 /* RemoteDataSource.swift */ = {isa = PBXFileReference; lastKnownFileType = sourcecode.swift; path = RemoteDataSource.swift; sourceTree = "<group>"; };
		A0F4CDCC2BA2962D008FA7D5 /* LocaleDataSource.swift */ = {isa = PBXFileReference; lastKnownFileType = sourcecode.swift; path = LocaleDataSource.swift; sourceTree = "<group>"; };
		A0F5726E2BA144CB00BF80AA /* RAWG-Mobile-Info.plist */ = {isa = PBXFileReference; lastKnownFileType = text.plist.xml; path = "RAWG-Mobile-Info.plist"; sourceTree = "<group>"; };
/* End PBXFileReference section */

/* Begin PBXFrameworksBuildPhase section */
		A002B07F2B9183A000B73969 /* Frameworks */ = {
			isa = PBXFrameworksBuildPhase;
			buildActionMask = 2147483647;
			files = (
				A0F4CDC92BA18B27008FA7D5 /* Alamofire in Frameworks */,
				A0F4CDCB2BA18B27008FA7D5 /* AlamofireDynamic in Frameworks */,
				A0F4CDBF2BA182FD008FA7D5 /* RealmSwift in Frameworks */,
				A0F4CDBD2BA182FD008FA7D5 /* Realm in Frameworks */,
			);
			runOnlyForDeploymentPostprocessing = 0;
		};
		A002B08F2B9183A200B73969 /* Frameworks */ = {
			isa = PBXFrameworksBuildPhase;
			buildActionMask = 2147483647;
			files = (
			);
			runOnlyForDeploymentPostprocessing = 0;
		};
		A002B0992B9183A200B73969 /* Frameworks */ = {
			isa = PBXFrameworksBuildPhase;
			buildActionMask = 2147483647;
			files = (
			);
			runOnlyForDeploymentPostprocessing = 0;
		};
/* End PBXFrameworksBuildPhase section */

/* Begin PBXGroup section */
		A002B0792B9183A000B73969 = {
			isa = PBXGroup;
			children = (
				A002B0842B9183A000B73969 /* RAWG Mobile */,
				A002B0952B9183A200B73969 /* RAWG MobileTests */,
				A002B09F2B9183A200B73969 /* RAWG MobileUITests */,
				A002B0832B9183A000B73969 /* Products */,
			);
			sourceTree = "<group>";
		};
		A002B0832B9183A000B73969 /* Products */ = {
			isa = PBXGroup;
			children = (
				A002B0822B9183A000B73969 /* RAWG Mobile.app */,
				A002B0922B9183A200B73969 /* RAWG MobileTests.xctest */,
				A002B09C2B9183A200B73969 /* RAWG MobileUITests.xctest */,
			);
			name = Products;
			sourceTree = "<group>";
		};
		A002B0842B9183A000B73969 /* RAWG Mobile */ = {
			isa = PBXGroup;
			children = (
				A002B0AF2B9183F300B73969 /* App */,
				A0160BA52B97025400C23E31 /* Core */,
				A0160BA62B97025900C23E31 /* Module */,
				A002B08B2B9183A200B73969 /* Preview Content */,
				A002B0B22B91841800B73969 /* Supporting Files */,
			);
			path = "RAWG Mobile";
			sourceTree = "<group>";
		};
		A002B08B2B9183A200B73969 /* Preview Content */ = {
			isa = PBXGroup;
			children = (
				A002B08C2B9183A200B73969 /* Preview Assets.xcassets */,
			);
			path = "Preview Content";
			sourceTree = "<group>";
		};
		A002B0952B9183A200B73969 /* RAWG MobileTests */ = {
			isa = PBXGroup;
			children = (
				A002B0962B9183A200B73969 /* RAWG_MobileTests.swift */,
			);
			path = "RAWG MobileTests";
			sourceTree = "<group>";
		};
		A002B09F2B9183A200B73969 /* RAWG MobileUITests */ = {
			isa = PBXGroup;
			children = (
				A002B0A02B9183A200B73969 /* RAWG_MobileUITests.swift */,
				A002B0A22B9183A200B73969 /* RAWG_MobileUITestsLaunchTests.swift */,
			);
			path = "RAWG MobileUITests";
			sourceTree = "<group>";
		};
		A002B0AF2B9183F300B73969 /* App */ = {
			isa = PBXGroup;
			children = (
				A002B0872B9183A000B73969 /* ContentView.swift */,
				A002B0852B9183A000B73969 /* RAWG_MobileApp.swift */,
			);
			path = App;
			sourceTree = "<group>";
		};
		A002B0B22B91841800B73969 /* Supporting Files */ = {
			isa = PBXGroup;
			children = (
				A002B0892B9183A200B73969 /* Assets.xcassets */,
				A0F5726E2BA144CB00BF80AA /* RAWG-Mobile-Info.plist */,
			);
			path = "Supporting Files";
			sourceTree = "<group>";
		};
		A0160BA52B97025400C23E31 /* Core */ = {
			isa = PBXGroup;
			children = (
				A0F4CDA22BA14E58008FA7D5 /* Data */,
				A0F4CDA32BA14E68008FA7D5 /* DI */,
				A0F4CDA42BA14E72008FA7D5 /* Domain */,
				A0F4CDA12BA14E48008FA7D5 /* Utils */,
			);
			path = Core;
			sourceTree = "<group>";
		};
		A0160BA62B97025900C23E31 /* Module */ = {
			isa = PBXGroup;
			children = (
				A0F4CD9A2BA1471B008FA7D5 /* Dashboard */,
				A0160BBC2B9703E400C23E31 /* Splash */,
			);
			path = Module;
			sourceTree = "<group>";
		};
		A0160BBC2B9703E400C23E31 /* Splash */ = {
			isa = PBXGroup;
			children = (
				A0160BBD2B9703E800C23E31 /* View */,
			);
			path = Splash;
			sourceTree = "<group>";
		};
		A0160BBD2B9703E800C23E31 /* View */ = {
			isa = PBXGroup;
			children = (
				A0160BBE2B9703F200C23E31 /* SplashView.swift */,
			);
			path = View;
			sourceTree = "<group>";
		};
		A0F4CD9A2BA1471B008FA7D5 /* Dashboard */ = {
			isa = PBXGroup;
			children = (
				A0F4CD9B2BA14737008FA7D5 /* View */,
			);
			path = Dashboard;
			sourceTree = "<group>";
		};
		A0F4CD9B2BA14737008FA7D5 /* View */ = {
			isa = PBXGroup;
			children = (
				A0F4CD9C2BA14769008FA7D5 /* DashboardView.swift */,
			);
			path = View;
			sourceTree = "<group>";
		};
		A0F4CD9E2BA14E15008FA7D5 /* Extension */ = {
			isa = PBXGroup;
			children = (
				A0F4CDB12BA17F83008FA7D5 /* CustomError.swift */,
			);
			path = Extension;
			sourceTree = "<group>";
		};
		A0F4CD9F2BA14E2E008FA7D5 /* Mapper */ = {
			isa = PBXGroup;
			children = (
				A0B7AAA02BA3F06800CF862B /* GameMapper.swift */,
			);
			path = Mapper;
			sourceTree = "<group>";
		};
		A0F4CDA02BA14E39008FA7D5 /* Network */ = {
			isa = PBXGroup;
			children = (
				A0F4CDAF2BA17EB3008FA7D5 /* APICall.swift */,
			);
			path = Network;
			sourceTree = "<group>";
		};
		A0F4CDA12BA14E48008FA7D5 /* Utils */ = {
			isa = PBXGroup;
			children = (
				A0F4CD9E2BA14E15008FA7D5 /* Extension */,
				A0F4CD9F2BA14E2E008FA7D5 /* Mapper */,
				A0F4CDA02BA14E39008FA7D5 /* Network */,
			);
			path = Utils;
			sourceTree = "<group>";
		};
		A0F4CDA22BA14E58008FA7D5 /* Data */ = {
			isa = PBXGroup;
			children = (
				A0F4CDA52BA14E8B008FA7D5 /* Locale */,
				A0F4CDA62BA14E8F008FA7D5 /* Remote */,
				A0B7AAA22BA9350300CF862B /* Repository.swift */,
			);
			path = Data;
			sourceTree = "<group>";
		};
		A0F4CDA32BA14E68008FA7D5 /* DI */ = {
			isa = PBXGroup;
			children = (
				A0B7AAA82BA967F000CF862B /* Injection.swift */,
			);
			path = DI;
			sourceTree = "<group>";
		};
		A0F4CDA42BA14E72008FA7D5 /* Domain */ = {
			isa = PBXGroup;
			children = (
				A0F4CDA72BA14F14008FA7D5 /* Model */,
				A0F4CDA82BA14F17008FA7D5 /* UseCase */,
			);
			path = Domain;
			sourceTree = "<group>";
		};
		A0F4CDA52BA14E8B008FA7D5 /* Locale */ = {
			isa = PBXGroup;
			children = (
				A0F4CDA92BA14F30008FA7D5 /* Entity */,
				A0F4CDCC2BA2962D008FA7D5 /* LocaleDataSource.swift */,
			);
			path = Locale;
			sourceTree = "<group>";
		};
		A0F4CDA62BA14E8F008FA7D5 /* Remote */ = {
			isa = PBXGroup;
			children = (
				A0F4CDAA2BA14F38008FA7D5 /* Response */,
				A0F4CDC42BA18AB1008FA7D5 /* RemoteDataSource.swift */,
			);
			path = Remote;
			sourceTree = "<group>";
		};
		A0F4CDA72BA14F14008FA7D5 /* Model */ = {
			isa = PBXGroup;
			children = (
				A0F4CDAB2BA150CA008FA7D5 /* Model.swift */,
			);
			path = Model;
			sourceTree = "<group>";
		};
		A0F4CDA82BA14F17008FA7D5 /* UseCase */ = {
			isa = PBXGroup;
			children = (
				A0B7AAA42BA9655600CF862B /* DashboardInteractor.swift */,
				A0B7AAA62BA9661A00CF862B /* DetailInteractor.swift */,
			);
			path = UseCase;
			sourceTree = "<group>";
		};
		A0F4CDA92BA14F30008FA7D5 /* Entity */ = {
			isa = PBXGroup;
			children = (
				A0F4CDB42BA18175008FA7D5 /* Entity.swift */,
			);
			path = Entity;
			sourceTree = "<group>";
		};
		A0F4CDAA2BA14F38008FA7D5 /* Response */ = {
			isa = PBXGroup;
			children = (
				A0F4CDC02BA18909008FA7D5 /* Response.swift */,
				A0F4CDC22BA189B3008FA7D5 /* DetailResponse.swift */,
			);
			path = Response;
			sourceTree = "<group>";
		};
/* End PBXGroup section */

/* Begin PBXNativeTarget section */
		A002B0812B9183A000B73969 /* RAWG Mobile */ = {
			isa = PBXNativeTarget;
			buildConfigurationList = A002B0A62B9183A200B73969 /* Build configuration list for PBXNativeTarget "RAWG Mobile" */;
			buildPhases = (
				A002B07E2B9183A000B73969 /* Sources */,
				A002B07F2B9183A000B73969 /* Frameworks */,
				A002B0802B9183A000B73969 /* Resources */,
			);
			buildRules = (
			);
			dependencies = (
			);
			name = "RAWG Mobile";
			packageProductDependencies = (
				A0F4CDBC2BA182FD008FA7D5 /* Realm */,
				A0F4CDBE2BA182FD008FA7D5 /* RealmSwift */,
				A0F4CDC82BA18B27008FA7D5 /* Alamofire */,
				A0F4CDCA2BA18B27008FA7D5 /* AlamofireDynamic */,
			);
			productName = "RAWG Mobile";
			productReference = A002B0822B9183A000B73969 /* RAWG Mobile.app */;
			productType = "com.apple.product-type.application";
		};
		A002B0912B9183A200B73969 /* RAWG MobileTests */ = {
			isa = PBXNativeTarget;
			buildConfigurationList = A002B0A92B9183A200B73969 /* Build configuration list for PBXNativeTarget "RAWG MobileTests" */;
			buildPhases = (
				A002B08E2B9183A200B73969 /* Sources */,
				A002B08F2B9183A200B73969 /* Frameworks */,
				A002B0902B9183A200B73969 /* Resources */,
			);
			buildRules = (
			);
			dependencies = (
				A002B0942B9183A200B73969 /* PBXTargetDependency */,
			);
			name = "RAWG MobileTests";
			productName = "RAWG MobileTests";
			productReference = A002B0922B9183A200B73969 /* RAWG MobileTests.xctest */;
			productType = "com.apple.product-type.bundle.unit-test";
		};
		A002B09B2B9183A200B73969 /* RAWG MobileUITests */ = {
			isa = PBXNativeTarget;
			buildConfigurationList = A002B0AC2B9183A200B73969 /* Build configuration list for PBXNativeTarget "RAWG MobileUITests" */;
			buildPhases = (
				A002B0982B9183A200B73969 /* Sources */,
				A002B0992B9183A200B73969 /* Frameworks */,
				A002B09A2B9183A200B73969 /* Resources */,
			);
			buildRules = (
			);
			dependencies = (
				A002B09E2B9183A200B73969 /* PBXTargetDependency */,
			);
			name = "RAWG MobileUITests";
			productName = "RAWG MobileUITests";
			productReference = A002B09C2B9183A200B73969 /* RAWG MobileUITests.xctest */;
			productType = "com.apple.product-type.bundle.ui-testing";
		};
/* End PBXNativeTarget section */

/* Begin PBXProject section */
		A002B07A2B9183A000B73969 /* Project object */ = {
			isa = PBXProject;
			attributes = {
				BuildIndependentTargetsInParallel = 1;
				LastSwiftUpdateCheck = 1520;
				LastUpgradeCheck = 1520;
				TargetAttributes = {
					A002B0812B9183A000B73969 = {
						CreatedOnToolsVersion = 15.2;
					};
					A002B0912B9183A200B73969 = {
						CreatedOnToolsVersion = 15.2;
						TestTargetID = A002B0812B9183A000B73969;
					};
					A002B09B2B9183A200B73969 = {
						CreatedOnToolsVersion = 15.2;
						TestTargetID = A002B0812B9183A000B73969;
					};
				};
			};
			buildConfigurationList = A002B07D2B9183A000B73969 /* Build configuration list for PBXProject "RAWG Mobile" */;
			compatibilityVersion = "Xcode 14.0";
			developmentRegion = en;
			hasScannedForEncodings = 0;
			knownRegions = (
				en,
				Base,
			);
			mainGroup = A002B0792B9183A000B73969;
			packageReferences = (
				A0F4CDBB2BA182FD008FA7D5 /* XCRemoteSwiftPackageReference "realm-swift" */,
				A0F4CDC72BA18B27008FA7D5 /* XCRemoteSwiftPackageReference "Alamofire" */,
			);
			productRefGroup = A002B0832B9183A000B73969 /* Products */;
			projectDirPath = "";
			projectRoot = "";
			targets = (
				A002B0812B9183A000B73969 /* RAWG Mobile */,
				A002B0912B9183A200B73969 /* RAWG MobileTests */,
				A002B09B2B9183A200B73969 /* RAWG MobileUITests */,
			);
		};
/* End PBXProject section */

/* Begin PBXResourcesBuildPhase section */
		A002B0802B9183A000B73969 /* Resources */ = {
			isa = PBXResourcesBuildPhase;
			buildActionMask = 2147483647;
			files = (
				A0F5726F2BA144CB00BF80AA /* RAWG-Mobile-Info.plist in Resources */,
				A002B08D2B9183A200B73969 /* Preview Assets.xcassets in Resources */,
				A002B08A2B9183A200B73969 /* Assets.xcassets in Resources */,
			);
			runOnlyForDeploymentPostprocessing = 0;
		};
		A002B0902B9183A200B73969 /* Resources */ = {
			isa = PBXResourcesBuildPhase;
			buildActionMask = 2147483647;
			files = (
			);
			runOnlyForDeploymentPostprocessing = 0;
		};
		A002B09A2B9183A200B73969 /* Resources */ = {
			isa = PBXResourcesBuildPhase;
			buildActionMask = 2147483647;
			files = (
			);
			runOnlyForDeploymentPostprocessing = 0;
		};
/* End PBXResourcesBuildPhase section */

/* Begin PBXSourcesBuildPhase section */
		A002B07E2B9183A000B73969 /* Sources */ = {
			isa = PBXSourcesBuildPhase;
			buildActionMask = 2147483647;
			files = (
				A0F4CDCD2BA2962D008FA7D5 /* LocaleDataSource.swift in Sources */,
				A0F4CDB22BA17F83008FA7D5 /* CustomError.swift in Sources */,
				A0F4CDAC2BA150CA008FA7D5 /* Model.swift in Sources */,
				A0B7AAA52BA9655600CF862B /* DashboardInteractor.swift in Sources */,
				A0F4CDC52BA18AB1008FA7D5 /* RemoteDataSource.swift in Sources */,
				A002B0882B9183A000B73969 /* ContentView.swift in Sources */,
				A0F4CDB02BA17EB3008FA7D5 /* APICall.swift in Sources */,
				A0F4CDC12BA18909008FA7D5 /* Response.swift in Sources */,
				A0B7AAA32BA9350300CF862B /* Repository.swift in Sources */,
				A0B7AAA12BA3F06800CF862B /* GameMapper.swift in Sources */,
				A0F4CDB52BA18175008FA7D5 /* Entity.swift in Sources */,
				A0F4CD9D2BA14769008FA7D5 /* DashboardView.swift in Sources */,
				A0F4CDC32BA189B3008FA7D5 /* DetailResponse.swift in Sources */,
				A002B0862B9183A000B73969 /* RAWG_MobileApp.swift in Sources */,
				A0160BBF2B9703F200C23E31 /* SplashView.swift in Sources */,
				A0B7AAA92BA967F000CF862B /* Injection.swift in Sources */,
				A0B7AAA72BA9661A00CF862B /* DetailInteractor.swift in Sources */,
			);
			runOnlyForDeploymentPostprocessing = 0;
		};
		A002B08E2B9183A200B73969 /* Sources */ = {
			isa = PBXSourcesBuildPhase;
			buildActionMask = 2147483647;
			files = (
				A002B0972B9183A200B73969 /* RAWG_MobileTests.swift in Sources */,
			);
			runOnlyForDeploymentPostprocessing = 0;
		};
		A002B0982B9183A200B73969 /* Sources */ = {
			isa = PBXSourcesBuildPhase;
			buildActionMask = 2147483647;
			files = (
				A002B0A12B9183A200B73969 /* RAWG_MobileUITests.swift in Sources */,
				A002B0A32B9183A200B73969 /* RAWG_MobileUITestsLaunchTests.swift in Sources */,
			);
			runOnlyForDeploymentPostprocessing = 0;
		};
/* End PBXSourcesBuildPhase section */

/* Begin PBXTargetDependency section */
		A002B0942B9183A200B73969 /* PBXTargetDependency */ = {
			isa = PBXTargetDependency;
			target = A002B0812B9183A000B73969 /* RAWG Mobile */;
			targetProxy = A002B0932B9183A200B73969 /* PBXContainerItemProxy */;
		};
		A002B09E2B9183A200B73969 /* PBXTargetDependency */ = {
			isa = PBXTargetDependency;
			target = A002B0812B9183A000B73969 /* RAWG Mobile */;
			targetProxy = A002B09D2B9183A200B73969 /* PBXContainerItemProxy */;
		};
/* End PBXTargetDependency section */

/* Begin XCBuildConfiguration section */
		A002B0A42B9183A200B73969 /* Debug */ = {
			isa = XCBuildConfiguration;
			buildSettings = {
				ALWAYS_SEARCH_USER_PATHS = NO;
				ASSETCATALOG_COMPILER_GENERATE_SWIFT_ASSET_SYMBOL_EXTENSIONS = YES;
				CLANG_ANALYZER_NONNULL = YES;
				CLANG_ANALYZER_NUMBER_OBJECT_CONVERSION = YES_AGGRESSIVE;
				CLANG_CXX_LANGUAGE_STANDARD = "gnu++20";
				CLANG_ENABLE_MODULES = YES;
				CLANG_ENABLE_OBJC_ARC = YES;
				CLANG_ENABLE_OBJC_WEAK = YES;
				CLANG_WARN_BLOCK_CAPTURE_AUTORELEASING = YES;
				CLANG_WARN_BOOL_CONVERSION = YES;
				CLANG_WARN_COMMA = YES;
				CLANG_WARN_CONSTANT_CONVERSION = YES;
				CLANG_WARN_DEPRECATED_OBJC_IMPLEMENTATIONS = YES;
				CLANG_WARN_DIRECT_OBJC_ISA_USAGE = YES_ERROR;
				CLANG_WARN_DOCUMENTATION_COMMENTS = YES;
				CLANG_WARN_EMPTY_BODY = YES;
				CLANG_WARN_ENUM_CONVERSION = YES;
				CLANG_WARN_INFINITE_RECURSION = YES;
				CLANG_WARN_INT_CONVERSION = YES;
				CLANG_WARN_NON_LITERAL_NULL_CONVERSION = YES;
				CLANG_WARN_OBJC_IMPLICIT_RETAIN_SELF = YES;
				CLANG_WARN_OBJC_LITERAL_CONVERSION = YES;
				CLANG_WARN_OBJC_ROOT_CLASS = YES_ERROR;
				CLANG_WARN_QUOTED_INCLUDE_IN_FRAMEWORK_HEADER = YES;
				CLANG_WARN_RANGE_LOOP_ANALYSIS = YES;
				CLANG_WARN_STRICT_PROTOTYPES = YES;
				CLANG_WARN_SUSPICIOUS_MOVE = YES;
				CLANG_WARN_UNGUARDED_AVAILABILITY = YES_AGGRESSIVE;
				CLANG_WARN_UNREACHABLE_CODE = YES;
				CLANG_WARN__DUPLICATE_METHOD_MATCH = YES;
				COPY_PHASE_STRIP = NO;
				DEBUG_INFORMATION_FORMAT = dwarf;
				ENABLE_STRICT_OBJC_MSGSEND = YES;
				ENABLE_TESTABILITY = YES;
				ENABLE_USER_SCRIPT_SANDBOXING = YES;
				GCC_C_LANGUAGE_STANDARD = gnu17;
				GCC_DYNAMIC_NO_PIC = NO;
				GCC_NO_COMMON_BLOCKS = YES;
				GCC_OPTIMIZATION_LEVEL = 0;
				GCC_PREPROCESSOR_DEFINITIONS = (
					"DEBUG=1",
					"$(inherited)",
				);
				GCC_WARN_64_TO_32_BIT_CONVERSION = YES;
				GCC_WARN_ABOUT_RETURN_TYPE = YES_ERROR;
				GCC_WARN_UNDECLARED_SELECTOR = YES;
				GCC_WARN_UNINITIALIZED_AUTOS = YES_AGGRESSIVE;
				GCC_WARN_UNUSED_FUNCTION = YES;
				GCC_WARN_UNUSED_VARIABLE = YES;
				IPHONEOS_DEPLOYMENT_TARGET = 17.2;
				LOCALIZATION_PREFERS_STRING_CATALOGS = YES;
				MTL_ENABLE_DEBUG_INFO = INCLUDE_SOURCE;
				MTL_FAST_MATH = YES;
				ONLY_ACTIVE_ARCH = YES;
				SDKROOT = iphoneos;
				SWIFT_ACTIVE_COMPILATION_CONDITIONS = "DEBUG $(inherited)";
				SWIFT_OPTIMIZATION_LEVEL = "-Onone";
			};
			name = Debug;
		};
		A002B0A52B9183A200B73969 /* Release */ = {
			isa = XCBuildConfiguration;
			buildSettings = {
				ALWAYS_SEARCH_USER_PATHS = NO;
				ASSETCATALOG_COMPILER_GENERATE_SWIFT_ASSET_SYMBOL_EXTENSIONS = YES;
				CLANG_ANALYZER_NONNULL = YES;
				CLANG_ANALYZER_NUMBER_OBJECT_CONVERSION = YES_AGGRESSIVE;
				CLANG_CXX_LANGUAGE_STANDARD = "gnu++20";
				CLANG_ENABLE_MODULES = YES;
				CLANG_ENABLE_OBJC_ARC = YES;
				CLANG_ENABLE_OBJC_WEAK = YES;
				CLANG_WARN_BLOCK_CAPTURE_AUTORELEASING = YES;
				CLANG_WARN_BOOL_CONVERSION = YES;
				CLANG_WARN_COMMA = YES;
				CLANG_WARN_CONSTANT_CONVERSION = YES;
				CLANG_WARN_DEPRECATED_OBJC_IMPLEMENTATIONS = YES;
				CLANG_WARN_DIRECT_OBJC_ISA_USAGE = YES_ERROR;
				CLANG_WARN_DOCUMENTATION_COMMENTS = YES;
				CLANG_WARN_EMPTY_BODY = YES;
				CLANG_WARN_ENUM_CONVERSION = YES;
				CLANG_WARN_INFINITE_RECURSION = YES;
				CLANG_WARN_INT_CONVERSION = YES;
				CLANG_WARN_NON_LITERAL_NULL_CONVERSION = YES;
				CLANG_WARN_OBJC_IMPLICIT_RETAIN_SELF = YES;
				CLANG_WARN_OBJC_LITERAL_CONVERSION = YES;
				CLANG_WARN_OBJC_ROOT_CLASS = YES_ERROR;
				CLANG_WARN_QUOTED_INCLUDE_IN_FRAMEWORK_HEADER = YES;
				CLANG_WARN_RANGE_LOOP_ANALYSIS = YES;
				CLANG_WARN_STRICT_PROTOTYPES = YES;
				CLANG_WARN_SUSPICIOUS_MOVE = YES;
				CLANG_WARN_UNGUARDED_AVAILABILITY = YES_AGGRESSIVE;
				CLANG_WARN_UNREACHABLE_CODE = YES;
				CLANG_WARN__DUPLICATE_METHOD_MATCH = YES;
				COPY_PHASE_STRIP = NO;
				DEBUG_INFORMATION_FORMAT = "dwarf-with-dsym";
				ENABLE_NS_ASSERTIONS = NO;
				ENABLE_STRICT_OBJC_MSGSEND = YES;
				ENABLE_USER_SCRIPT_SANDBOXING = YES;
				GCC_C_LANGUAGE_STANDARD = gnu17;
				GCC_NO_COMMON_BLOCKS = YES;
				GCC_WARN_64_TO_32_BIT_CONVERSION = YES;
				GCC_WARN_ABOUT_RETURN_TYPE = YES_ERROR;
				GCC_WARN_UNDECLARED_SELECTOR = YES;
				GCC_WARN_UNINITIALIZED_AUTOS = YES_AGGRESSIVE;
				GCC_WARN_UNUSED_FUNCTION = YES;
				GCC_WARN_UNUSED_VARIABLE = YES;
				IPHONEOS_DEPLOYMENT_TARGET = 17.2;
				LOCALIZATION_PREFERS_STRING_CATALOGS = YES;
				MTL_ENABLE_DEBUG_INFO = NO;
				MTL_FAST_MATH = YES;
				SDKROOT = iphoneos;
				SWIFT_COMPILATION_MODE = wholemodule;
				VALIDATE_PRODUCT = YES;
			};
			name = Release;
		};
		A002B0A72B9183A200B73969 /* Debug */ = {
			isa = XCBuildConfiguration;
			buildSettings = {
				ASSETCATALOG_COMPILER_APPICON_NAME = AppIcon;
				ASSETCATALOG_COMPILER_GLOBAL_ACCENT_COLOR_NAME = AccentColor;
				CODE_SIGN_STYLE = Automatic;
				CURRENT_PROJECT_VERSION = 1;
				DEVELOPMENT_ASSET_PATHS = "\"RAWG Mobile/Preview Content\"";
				DEVELOPMENT_TEAM = P6YQF6ZY5F;
				ENABLE_PREVIEWS = YES;
				GENERATE_INFOPLIST_FILE = YES;
				INFOPLIST_FILE = "RAWG-Mobile-Info.plist";
				INFOPLIST_KEY_UIApplicationSceneManifest_Generation = YES;
				INFOPLIST_KEY_UIApplicationSupportsIndirectInputEvents = YES;
				INFOPLIST_KEY_UILaunchScreen_Generation = YES;
				INFOPLIST_KEY_UISupportedInterfaceOrientations_iPad = "UIInterfaceOrientationPortrait UIInterfaceOrientationPortraitUpsideDown UIInterfaceOrientationLandscapeLeft UIInterfaceOrientationLandscapeRight";
				INFOPLIST_KEY_UISupportedInterfaceOrientations_iPhone = "UIInterfaceOrientationPortrait UIInterfaceOrientationLandscapeLeft UIInterfaceOrientationLandscapeRight";
				LD_RUNPATH_SEARCH_PATHS = (
					"$(inherited)",
					"@executable_path/Frameworks",
				);
				MARKETING_VERSION = 1.0;
				PRODUCT_BUNDLE_IDENTIFIER = "io.naufal.RAWG-Mobile";
				PRODUCT_NAME = "$(TARGET_NAME)";
				SWIFT_EMIT_LOC_STRINGS = YES;
				SWIFT_VERSION = 5.0;
				TARGETED_DEVICE_FAMILY = "1,2";
			};
			name = Debug;
		};
		A002B0A82B9183A200B73969 /* Release */ = {
			isa = XCBuildConfiguration;
			buildSettings = {
				ASSETCATALOG_COMPILER_APPICON_NAME = AppIcon;
				ASSETCATALOG_COMPILER_GLOBAL_ACCENT_COLOR_NAME = AccentColor;
				CODE_SIGN_STYLE = Automatic;
				CURRENT_PROJECT_VERSION = 1;
				DEVELOPMENT_ASSET_PATHS = "\"RAWG Mobile/Preview Content\"";
				DEVELOPMENT_TEAM = P6YQF6ZY5F;
				ENABLE_PREVIEWS = YES;
				GENERATE_INFOPLIST_FILE = YES;
				INFOPLIST_FILE = "RAWG-Mobile-Info.plist";
				INFOPLIST_KEY_UIApplicationSceneManifest_Generation = YES;
				INFOPLIST_KEY_UIApplicationSupportsIndirectInputEvents = YES;
				INFOPLIST_KEY_UILaunchScreen_Generation = YES;
				INFOPLIST_KEY_UISupportedInterfaceOrientations_iPad = "UIInterfaceOrientationPortrait UIInterfaceOrientationPortraitUpsideDown UIInterfaceOrientationLandscapeLeft UIInterfaceOrientationLandscapeRight";
				INFOPLIST_KEY_UISupportedInterfaceOrientations_iPhone = "UIInterfaceOrientationPortrait UIInterfaceOrientationLandscapeLeft UIInterfaceOrientationLandscapeRight";
				LD_RUNPATH_SEARCH_PATHS = (
					"$(inherited)",
					"@executable_path/Frameworks",
				);
				MARKETING_VERSION = 1.0;
				PRODUCT_BUNDLE_IDENTIFIER = "io.naufal.RAWG-Mobile";
				PRODUCT_NAME = "$(TARGET_NAME)";
				SWIFT_EMIT_LOC_STRINGS = YES;
				SWIFT_VERSION = 5.0;
				TARGETED_DEVICE_FAMILY = "1,2";
			};
			name = Release;
		};
		A002B0AA2B9183A200B73969 /* Debug */ = {
			isa = XCBuildConfiguration;
			buildSettings = {
				ALWAYS_EMBED_SWIFT_STANDARD_LIBRARIES = YES;
				BUNDLE_LOADER = "$(TEST_HOST)";
				CODE_SIGN_STYLE = Automatic;
				CURRENT_PROJECT_VERSION = 1;
				DEVELOPMENT_TEAM = P6YQF6ZY5F;
				GENERATE_INFOPLIST_FILE = YES;
				IPHONEOS_DEPLOYMENT_TARGET = 17.2;
				MARKETING_VERSION = 1.0;
				PRODUCT_BUNDLE_IDENTIFIER = "io.naufal.RAWG-MobileTests";
				PRODUCT_NAME = "$(TARGET_NAME)";
				SWIFT_EMIT_LOC_STRINGS = NO;
				SWIFT_VERSION = 5.0;
				TARGETED_DEVICE_FAMILY = "1,2";
				TEST_HOST = "$(BUILT_PRODUCTS_DIR)/RAWG Mobile.app/$(BUNDLE_EXECUTABLE_FOLDER_PATH)/RAWG Mobile";
			};
			name = Debug;
		};
		A002B0AB2B9183A200B73969 /* Release */ = {
			isa = XCBuildConfiguration;
			buildSettings = {
				ALWAYS_EMBED_SWIFT_STANDARD_LIBRARIES = YES;
				BUNDLE_LOADER = "$(TEST_HOST)";
				CODE_SIGN_STYLE = Automatic;
				CURRENT_PROJECT_VERSION = 1;
				DEVELOPMENT_TEAM = P6YQF6ZY5F;
				GENERATE_INFOPLIST_FILE = YES;
				IPHONEOS_DEPLOYMENT_TARGET = 17.2;
				MARKETING_VERSION = 1.0;
				PRODUCT_BUNDLE_IDENTIFIER = "io.naufal.RAWG-MobileTests";
				PRODUCT_NAME = "$(TARGET_NAME)";
				SWIFT_EMIT_LOC_STRINGS = NO;
				SWIFT_VERSION = 5.0;
				TARGETED_DEVICE_FAMILY = "1,2";
				TEST_HOST = "$(BUILT_PRODUCTS_DIR)/RAWG Mobile.app/$(BUNDLE_EXECUTABLE_FOLDER_PATH)/RAWG Mobile";
			};
			name = Release;
		};
		A002B0AD2B9183A200B73969 /* Debug */ = {
			isa = XCBuildConfiguration;
			buildSettings = {
				ALWAYS_EMBED_SWIFT_STANDARD_LIBRARIES = YES;
				CODE_SIGN_STYLE = Automatic;
				CURRENT_PROJECT_VERSION = 1;
				DEVELOPMENT_TEAM = P6YQF6ZY5F;
				GENERATE_INFOPLIST_FILE = YES;
				MARKETING_VERSION = 1.0;
				PRODUCT_BUNDLE_IDENTIFIER = "io.naufal.RAWG-MobileUITests";
				PRODUCT_NAME = "$(TARGET_NAME)";
				SWIFT_EMIT_LOC_STRINGS = NO;
				SWIFT_VERSION = 5.0;
				TARGETED_DEVICE_FAMILY = "1,2";
				TEST_TARGET_NAME = "RAWG Mobile";
			};
			name = Debug;
		};
		A002B0AE2B9183A200B73969 /* Release */ = {
			isa = XCBuildConfiguration;
			buildSettings = {
				ALWAYS_EMBED_SWIFT_STANDARD_LIBRARIES = YES;
				CODE_SIGN_STYLE = Automatic;
				CURRENT_PROJECT_VERSION = 1;
				DEVELOPMENT_TEAM = P6YQF6ZY5F;
				GENERATE_INFOPLIST_FILE = YES;
				MARKETING_VERSION = 1.0;
				PRODUCT_BUNDLE_IDENTIFIER = "io.naufal.RAWG-MobileUITests";
				PRODUCT_NAME = "$(TARGET_NAME)";
				SWIFT_EMIT_LOC_STRINGS = NO;
				SWIFT_VERSION = 5.0;
				TARGETED_DEVICE_FAMILY = "1,2";
				TEST_TARGET_NAME = "RAWG Mobile";
			};
			name = Release;
		};
/* End XCBuildConfiguration section */

/* Begin XCConfigurationList section */
		A002B07D2B9183A000B73969 /* Build configuration list for PBXProject "RAWG Mobile" */ = {
			isa = XCConfigurationList;
			buildConfigurations = (
				A002B0A42B9183A200B73969 /* Debug */,
				A002B0A52B9183A200B73969 /* Release */,
			);
			defaultConfigurationIsVisible = 0;
			defaultConfigurationName = Release;
		};
		A002B0A62B9183A200B73969 /* Build configuration list for PBXNativeTarget "RAWG Mobile" */ = {
			isa = XCConfigurationList;
			buildConfigurations = (
				A002B0A72B9183A200B73969 /* Debug */,
				A002B0A82B9183A200B73969 /* Release */,
			);
			defaultConfigurationIsVisible = 0;
			defaultConfigurationName = Release;
		};
		A002B0A92B9183A200B73969 /* Build configuration list for PBXNativeTarget "RAWG MobileTests" */ = {
			isa = XCConfigurationList;
			buildConfigurations = (
				A002B0AA2B9183A200B73969 /* Debug */,
				A002B0AB2B9183A200B73969 /* Release */,
			);
			defaultConfigurationIsVisible = 0;
			defaultConfigurationName = Release;
		};
		A002B0AC2B9183A200B73969 /* Build configuration list for PBXNativeTarget "RAWG MobileUITests" */ = {
			isa = XCConfigurationList;
			buildConfigurations = (
				A002B0AD2B9183A200B73969 /* Debug */,
				A002B0AE2B9183A200B73969 /* Release */,
			);
			defaultConfigurationIsVisible = 0;
			defaultConfigurationName = Release;
		};
/* End XCConfigurationList section */

/* Begin XCRemoteSwiftPackageReference section */
		A0F4CDBB2BA182FD008FA7D5 /* XCRemoteSwiftPackageReference "realm-swift" */ = {
			isa = XCRemoteSwiftPackageReference;
			repositoryURL = "https://github.com/realm/realm-swift.git";
			requirement = {
				branch = master;
				kind = branch;
			};
		};
		A0F4CDC72BA18B27008FA7D5 /* XCRemoteSwiftPackageReference "Alamofire" */ = {
			isa = XCRemoteSwiftPackageReference;
			repositoryURL = "https://github.com/Alamofire/Alamofire";
			requirement = {
				kind = upToNextMajorVersion;
				minimumVersion = 5.9.0;
			};
		};
/* End XCRemoteSwiftPackageReference section */

/* Begin XCSwiftPackageProductDependency section */
		A0F4CDBC2BA182FD008FA7D5 /* Realm */ = {
			isa = XCSwiftPackageProductDependency;
			package = A0F4CDBB2BA182FD008FA7D5 /* XCRemoteSwiftPackageReference "realm-swift" */;
			productName = Realm;
		};
		A0F4CDBE2BA182FD008FA7D5 /* RealmSwift */ = {
			isa = XCSwiftPackageProductDependency;
			package = A0F4CDBB2BA182FD008FA7D5 /* XCRemoteSwiftPackageReference "realm-swift" */;
			productName = RealmSwift;
		};
		A0F4CDC82BA18B27008FA7D5 /* Alamofire */ = {
			isa = XCSwiftPackageProductDependency;
			package = A0F4CDC72BA18B27008FA7D5 /* XCRemoteSwiftPackageReference "Alamofire" */;
			productName = Alamofire;
		};
		A0F4CDCA2BA18B27008FA7D5 /* AlamofireDynamic */ = {
			isa = XCSwiftPackageProductDependency;
			package = A0F4CDC72BA18B27008FA7D5 /* XCRemoteSwiftPackageReference "Alamofire" */;
			productName = AlamofireDynamic;
		};
/* End XCSwiftPackageProductDependency section */
	};
	rootObject = A002B07A2B9183A000B73969 /* Project object */;
}
